// !$*UTF8*$!
{
	archiveVersion = 1;
	classes = {
	};
	objectVersion = 46;
	objects = {

/* Begin PBXBuildFile section */
		DB3B4B4B2089D1A200762816 /* main.m in Sources */ = {isa = PBXBuildFile; fileRef = DB3B4B4A2089D1A200762816 /* main.m */; };
		DB3B4B4E2089D1A200762816 /* AppDelegate.m in Sources */ = {isa = PBXBuildFile; fileRef = DB3B4B4D2089D1A200762816 /* AppDelegate.m */; };
		DB3B4B512089D1A200762816 /* ViewController.m in Sources */ = {isa = PBXBuildFile; fileRef = DB3B4B502089D1A200762816 /* ViewController.m */; };
		DB3B4B542089D1A200762816 /* Main.storyboard in Resources */ = {isa = PBXBuildFile; fileRef = DB3B4B522089D1A200762816 /* Main.storyboard */; };
		DB3B4B562089D1A200762816 /* Assets.xcassets in Resources */ = {isa = PBXBuildFile; fileRef = DB3B4B552089D1A200762816 /* Assets.xcassets */; };
		DB3B4B592089D1A200762816 /* LaunchScreen.storyboard in Resources */ = {isa = PBXBuildFile; fileRef = DB3B4B572089D1A200762816 /* LaunchScreen.storyboard */; };
/* End PBXBuildFile section */

/* Begin PBXFileReference section */
		DB3B4B462089D1A200762816 /* aaa.app */ = {isa = PBXFileReference; explicitFileType = wrapper.application; includeInIndex = 0; path = aaa.app; sourceTree = BUILT_PRODUCTS_DIR; };
		DB3B4B4A2089D1A200762816 /* main.m */ = {isa = PBXFileReference; lastKnownFileType = sourcecode.c.objc; path = main.m; sourceTree = "<group>"; };
		DB3B4B4C2089D1A200762816 /* AppDelegate.h */ = {isa = PBXFileReference; lastKnownFileType = sourcecode.c.h; path = AppDelegate.h; sourceTree = "<group>"; };
		DB3B4B4D2089D1A200762816 /* AppDelegate.m */ = {isa = PBXFileReference; lastKnownFileType = sourcecode.c.objc; path = AppDelegate.m; sourceTree = "<group>"; };
		DB3B4B4F2089D1A200762816 /* ViewController.h */ = {isa = PBXFileReference; lastKnownFileType = sourcecode.c.h; path = ViewController.h; sourceTree = "<group>"; };
		DB3B4B502089D1A200762816 /* ViewController.m */ = {isa = PBXFileReference; lastKnownFileType = sourcecode.c.objc; path = ViewController.m; sourceTree = "<group>"; };
		DB3B4B532089D1A200762816 /* Base */ = {isa = PBXFileReference; lastKnownFileType = file.storyboard; name = Base; path = Base.lproj/Main.storyboard; sourceTree = "<group>"; };
		DB3B4B552089D1A200762816 /* Assets.xcassets */ = {isa = PBXFileReference; lastKnownFileType = folder.assetcatalog; path = Assets.xcassets; sourceTree = "<group>"; };
		DB3B4B582089D1A200762816 /* Base */ = {isa = PBXFileReference; lastKnownFileType = file.storyboard; name = Base; path = Base.lproj/LaunchScreen.storyboard; sourceTree = "<group>"; };
		DB3B4B5A2089D1A200762816 /* Info.plist */ = {isa = PBXFileReference; lastKnownFileType = text.plist.xml; path = Info.plist; sourceTree = "<group>"; };
/* End PBXFileReference section */

/* Begin PBXFrameworksBuildPhase section */
		DB3B4B432089D1A200762816 /* Frameworks */ = {
			isa = PBXFrameworksBuildPhase;
			buildActionMask = 2147483647;
			files = (
			);
			runOnlyForDeploymentPostprocessing = 0;
		};
/* End PBXFrameworksBuildPhase section */

/* Begin PBXGroup section */
		DB3B4B3D2089D1A200762816 = {
			isa = PBXGroup;
			children = (
				DB3B4B482089D1A200762816 /* aaa */,
				DB3B4B472089D1A200762816 /* Products */,
			);
			sourceTree = "<group>";
		};
		DB3B4B472089D1A200762816 /* Products */ = {
			isa = PBXGroup;
			children = (
				DB3B4B462089D1A200762816 /* aaa.app */,
			);
			name = Products;
			sourceTree = "<group>";
		};
		DB3B4B482089D1A200762816 /* aaa */ = {
			isa = PBXGroup;
			children = (
				DB3B4B4C2089D1A200762816 /* AppDelegate.h */,
				DB3B4B4D2089D1A200762816 /* AppDelegate.m */,
				DB3B4B4F2089D1A200762816 /* ViewController.h */,
				DB3B4B502089D1A200762816 /* ViewController.m */,
				DB3B4B522089D1A200762816 /* Main.storyboard */,
				DB3B4B552089D1A200762816 /* Assets.xcassets */,
				DB3B4B572089D1A200762816 /* LaunchScreen.storyboard */,
				DB3B4B5A2089D1A200762816 /* Info.plist */,
				DB3B4B492089D1A200762816 /* Supporting Files */,
			);
			path = aaa;
			sourceTree = "<group>";
		};
		DB3B4B492089D1A200762816 /* Supporting Files */ = {
			isa = PBXGroup;
			children = (
				DB3B4B4A2089D1A200762816 /* main.m */,
			);
			name = "Supporting Files";
			sourceTree = "<group>";
		};
/* End PBXGroup section */

/* Begin PBXNativeTarget section */
		DB3B4B452089D1A200762816 /* aaa */ = {
			isa = PBXNativeTarget;
			buildConfigurationList = DB3B4B5D2089D1A200762816 /* Build configuration list for PBXNativeTarget "aaa" */;
			buildPhases = (
				DB3B4B422089D1A200762816 /* Sources */,
				DB3B4B432089D1A200762816 /* Frameworks */,
				DB3B4B442089D1A200762816 /* Resources */,
			);
			buildRules = (
			);
			dependencies = (
			);
			name = aaa;
			productName = aaa;
			productReference = DB3B4B462089D1A200762816 /* aaa.app */;
			productType = "com.apple.product-type.application";
		};
/* End PBXNativeTarget section */

/* Begin PBXProject section */
		DB3B4B3E2089D1A200762816 /* Project object */ = {
			isa = PBXProject;
			attributes = {
				LastUpgradeCheck = 0720;
				ORGANIZATIONNAME = suxianshun;
				TargetAttributes = {
					DB3B4B452089D1A200762816 = {
						CreatedOnToolsVersion = 7.2;
						DevelopmentTeam = 293VL2463Q;
					};
				};
			};
			buildConfigurationList = DB3B4B412089D1A200762816 /* Build configuration list for PBXProject "aaa" */;
			compatibilityVersion = "Xcode 3.2";
			developmentRegion = English;
			hasScannedForEncodings = 0;
			knownRegions = (
				en,
				Base,
			);
			mainGroup = DB3B4B3D2089D1A200762816;
			productRefGroup = DB3B4B472089D1A200762816 /* Products */;
			projectDirPath = "";
			projectRoot = "";
			targets = (
				DB3B4B452089D1A200762816 /* aaa */,
			);
		};
/* End PBXProject section */

/* Begin PBXResourcesBuildPhase section */
		DB3B4B442089D1A200762816 /* Resources */ = {
			isa = PBXResourcesBuildPhase;
			buildActionMask = 2147483647;
			files = (
				DB3B4B592089D1A200762816 /* LaunchScreen.storyboard in Resources */,
				DB3B4B562089D1A200762816 /* Assets.xcassets in Resources */,
				DB3B4B542089D1A200762816 /* Main.storyboard in Resources */,
			);
			runOnlyForDeploymentPostprocessing = 0;
		};
/* End PBXResourcesBuildPhase section */

/* Begin PBXSourcesBuildPhase section */
		DB3B4B422089D1A200762816 /* Sources */ = {
			isa = PBXSourcesBuildPhase;
			buildActionMask = 2147483647;
			files = (
				DB3B4B512089D1A200762816 /* ViewController.m in Sources */,
				DB3B4B4E2089D1A200762816 /* AppDelegate.m in Sources */,
				DB3B4B4B2089D1A200762816 /* main.m in Sources */,
			);
			runOnlyForDeploymentPostprocessing = 0;
		};
/* End PBXSourcesBuildPhase section */

/* Begin PBXVariantGroup section */
		DB3B4B522089D1A200762816 /* Main.storyboard */ = {
			isa = PBXVariantGroup;
			children = (
				DB3B4B532089D1A200762816 /* Base */,
			);
			name = Main.storyboard;
			sourceTree = "<group>";
		};
		DB3B4B572089D1A200762816 /* LaunchScreen.storyboard */ = {
			isa = PBXVariantGroup;
			children = (
				DB3B4B582089D1A200762816 /* Base */,
			);
			name = LaunchScreen.storyboard;
			sourceTree = "<group>";
		};
/* End PBXVariantGroup section */

/* Begin XCBuildConfiguration section */
		DB3B4B5B2089D1A200762816 /* Debug */ = {
			isa = XCBuildConfiguration;
			buildSettings = {
				ALWAYS_SEARCH_USER_PATHS = NO;
				CLANG_CXX_LANGUAGE_STANDARD = "gnu++0x";
				CLANG_CXX_LIBRARY = "libc++";
				CLANG_ENABLE_MODULES = YES;
				CLANG_ENABLE_OBJC_ARC = YES;
				CLANG_WARN_BOOL_CONVERSION = YES;
				CLANG_WARN_CONSTANT_CONVERSION = YES;
				CLANG_WARN_DIRECT_OBJC_ISA_USAGE = YES_ERROR;
				CLANG_WARN_EMPTY_BODY = YES;
				CLANG_WARN_ENUM_CONVERSION = YES;
				CLANG_WARN_INT_CONVERSION = YES;
				CLANG_WARN_OBJC_ROOT_CLASS = YES_ERROR;
				CLANG_WARN_UNREACHABLE_CODE = YES;
				CLANG_WARN__DUPLICATE_METHOD_MATCH = YES;
				"CODE_SIGN_IDENTITY[sdk=iphoneos*]" = "iPhone Developer";
				COPY_PHASE_STRIP = NO;
				DEBUG_INFORMATION_FORMAT = dwarf;
				ENABLE_STRICT_OBJC_MSGSEND = YES;
				ENABLE_TESTABILITY = YES;
				GCC_C_LANGUAGE_STANDARD = gnu99;
				GCC_DYNAMIC_NO_PIC = NO;
				GCC_NO_COMMON_BLOCKS = YES;
				GCC_OPTIMIZATION_LEVEL = 0;
				GCC_PREPROCESSOR_DEFINITIONS = (
					"DEBUG=1",
					"$(inherited)",
				);
				GCC_WARN_64_TO_32_BIT_CONVERSION = YES;
				GCC_WARN_ABOUT_RETURN_TYPE = YES_ERROR;
				GCC_WARN_UNDECLARED_SELECTOR = YES;
				GCC_WARN_UNINITIALIZED_AUTOS = YES_AGGRESSIVE;
				GCC_WARN_UNUSED_FUNCTION = YES;
				GCC_WARN_UNUSED_VARIABLE = YES;
				IPHONEOS_DEPLOYMENT_TARGET = 9.2;
				MTL_ENABLE_DEBUG_INFO = YES;
				ONLY_ACTIVE_ARCH = YES;
				SDKROOT = iphoneos;
			};
			name = Debug;
		};
		DB3B4B5C2089D1A200762816 /* Release */ = {
			isa = XCBuildConfiguration;
			buildSettings = {
				ALWAYS_SEARCH_USER_PATHS = NO;
				CLANG_CXX_LANGUAGE_STANDARD = "gnu++0x";
				CLANG_CXX_LIBRARY = "libc++";
				CLANG_ENABLE_MODULES = YES;
				CLANG_ENABLE_OBJC_ARC = YES;
				CLANG_WARN_BOOL_CONVERSION = YES;
				CLANG_WARN_CONSTANT_CONVERSION = YES;
				CLANG_WARN_DIRECT_OBJC_ISA_USAGE = YES_ERROR;
				CLANG_WARN_EMPTY_BODY = YES;
				CLANG_WARN_ENUM_CONVERSION = YES;
				CLANG_WARN_INT_CONVERSION = YES;
				CLANG_WARN_OBJC_ROOT_CLASS = YES_ERROR;
				CLANG_WARN_UNREACHABLE_CODE = YES;
				CLANG_WARN__DUPLICATE_METHOD_MATCH = YES;
				"CODE_SIGN_IDENTITY[sdk=iphoneos*]" = "iPhone Developer";
				COPY_PHASE_STRIP = NO;
				DEBUG_INFORMATION_FORMAT = "dwarf-with-dsym";
				ENABLE_NS_ASSERTIONS = NO;
				ENABLE_STRICT_OBJC_MSGSEND = YES;
				GCC_C_LANGUAGE_STANDARD = gnu99;
				GCC_NO_COMMON_BLOCKS = YES;
				GCC_WARN_64_TO_32_BIT_CONVERSION = YES;
				GCC_WARN_ABOUT_RETURN_TYPE = YES_ERROR;
				GCC_WARN_UNDECLARED_SELECTOR = YES;
				GCC_WARN_UNINITIALIZED_AUTOS = YES_AGGRESSIVE;
				GCC_WARN_UNUSED_FUNCTION = YES;
				GCC_WARN_UNUSED_VARIABLE = YES;
				IPHONEOS_DEPLOYMENT_TARGET = 9.2;
				MTL_ENABLE_DEBUG_INFO = NO;
				SDKROOT = iphoneos;
				VALIDATE_PRODUCT = YES;
			};
			name = Release;
		};
		DB3B4B5E2089D1A200762816 /* Debug */ = {
			isa = XCBuildConfiguration;
			buildSettings = {
				ASSETCATALOG_COMPILER_APPICON_NAME = AppIcon;
				INFOPLIST_FILE = aaa/Info.plist;
				LD_RUNPATH_SEARCH_PATHS = "$(inherited) @executable_path/Frameworks";
				PRODUCT_BUNDLE_IDENTIFIER = com.suxianshun.aaa;
				PRODUCT_NAME = "$(TARGET_NAME)";
			};
			name = Debug;
		};
		DB3B4B5F2089D1A200762816 /* Release */ = {
			isa = XCBuildConfiguration;
			buildSettings = {
				ASSETCATALOG_COMPILER_APPICON_NAME = AppIcon;
				INFOPLIST_FILE = aaa/Info.plist;
				LD_RUNPATH_SEARCH_PATHS = "$(inherited) @executable_path/Frameworks";
				PRODUCT_BUNDLE_IDENTIFIER = com.suxianshun.aaa;
				PRODUCT_NAME = "$(TARGET_NAME)";
			};
			name = Release;
		};
/* End XCBuildConfiguration section */

/* Begin XCConfigurationList section */
		DB3B4B412089D1A200762816 /* Build configuration list for PBXProject "aaa" */ = {
			isa = XCConfigurationList;
			buildConfigurations = (
				DB3B4B5B2089D1A200762816 /* Debug */,
				DB3B4B5C2089D1A200762816 /* Release */,
			);
			defaultConfigurationIsVisible = 0;
			defaultConfigurationName = Release;
		};
		DB3B4B5D2089D1A200762816 /* Build configuration list for PBXNativeTarget "aaa" */ = {
			isa = XCConfigurationList;
			buildConfigurations = (
				DB3B4B5E2089D1A200762816 /* Debug */,
				DB3B4B5F2089D1A200762816 /* Release */,
			);
			defaultConfigurationIsVisible = 0;
		};
/* End XCConfigurationList section */
	};
	rootObject = DB3B4B3E2089D1A200762816 /* Project object */;
}
